// !$*UTF8*$!
{
	archiveVersion = 1;
	classes = {
	};
	objectVersion = 56;
	objects = {

/* Begin PBXBuildFile section */
		533692892BD0B8E500E90F9C /* LandmarkRow.swift in Sources */ = {isa = PBXBuildFile; fileRef = 533692882BD0B8E500E90F9C /* LandmarkRow.swift */; };
		5336928B2BD0BCA600E90F9C /* LandmarkList.swift in Sources */ = {isa = PBXBuildFile; fileRef = 5336928A2BD0BCA600E90F9C /* LandmarkList.swift */; };
		5336928D2BD0C16E00E90F9C /* LandmarkDetail.swift in Sources */ = {isa = PBXBuildFile; fileRef = 5336928C2BD0C16E00E90F9C /* LandmarkDetail.swift */; };
		53B53ADB2BD095F0001E10E8 /* LandmarksApp.swift in Sources */ = {isa = PBXBuildFile; fileRef = 53B53ADA2BD095F0001E10E8 /* LandmarksApp.swift */; };
		53B53ADD2BD095F0001E10E8 /* ContentView.swift in Sources */ = {isa = PBXBuildFile; fileRef = 53B53ADC2BD095F0001E10E8 /* ContentView.swift */; };
		53B53ADF2BD095F2001E10E8 /* Assets.xcassets in Resources */ = {isa = PBXBuildFile; fileRef = 53B53ADE2BD095F2001E10E8 /* Assets.xcassets */; };
		53B53AE22BD095F2001E10E8 /* Preview Assets.xcassets in Resources */ = {isa = PBXBuildFile; fileRef = 53B53AE12BD095F2001E10E8 /* Preview Assets.xcassets */; };
		53B53AE92BD0A143001E10E8 /* CircleImage.swift in Sources */ = {isa = PBXBuildFile; fileRef = 53B53AE82BD0A143001E10E8 /* CircleImage.swift */; };
		53B53AEB2BD0A363001E10E8 /* MapView.swift in Sources */ = {isa = PBXBuildFile; fileRef = 53B53AEA2BD0A363001E10E8 /* MapView.swift */; };
		53B53AED2BD0AE65001E10E8 /* landmarkData.json in Resources */ = {isa = PBXBuildFile; fileRef = 53B53AEC2BD0AE65001E10E8 /* landmarkData.json */; };
		53B53AEF2BD0AEB1001E10E8 /* Landmark.swift in Sources */ = {isa = PBXBuildFile; fileRef = 53B53AEE2BD0AEB1001E10E8 /* Landmark.swift */; };
		53B53B082BD0B4D8001E10E8 /* ModelData.swift in Sources */ = {isa = PBXBuildFile; fileRef = 53B53B072BD0B4D8001E10E8 /* ModelData.swift */; };
/* End PBXBuildFile section */

/* Begin PBXFileReference section */
		533692882BD0B8E500E90F9C /* LandmarkRow.swift */ = {isa = PBXFileReference; lastKnownFileType = sourcecode.swift; path = LandmarkRow.swift; sourceTree = "<group>"; };
		5336928A2BD0BCA600E90F9C /* LandmarkList.swift */ = {isa = PBXFileReference; lastKnownFileType = sourcecode.swift; path = LandmarkList.swift; sourceTree = "<group>"; };
		5336928C2BD0C16E00E90F9C /* LandmarkDetail.swift */ = {isa = PBXFileReference; lastKnownFileType = sourcecode.swift; path = LandmarkDetail.swift; sourceTree = "<group>"; };
		53B53AD72BD095F0001E10E8 /* Landmarks.app */ = {isa = PBXFileReference; explicitFileType = wrapper.application; includeInIndex = 0; path = Landmarks.app; sourceTree = BUILT_PRODUCTS_DIR; };
		53B53ADA2BD095F0001E10E8 /* LandmarksApp.swift */ = {isa = PBXFileReference; lastKnownFileType = sourcecode.swift; path = LandmarksApp.swift; sourceTree = "<group>"; };
		53B53ADC2BD095F0001E10E8 /* ContentView.swift */ = {isa = PBXFileReference; lastKnownFileType = sourcecode.swift; path = ContentView.swift; sourceTree = "<group>"; };
		53B53ADE2BD095F2001E10E8 /* Assets.xcassets */ = {isa = PBXFileReference; lastKnownFileType = folder.assetcatalog; path = Assets.xcassets; sourceTree = "<group>"; };
		53B53AE12BD095F2001E10E8 /* Preview Assets.xcassets */ = {isa = PBXFileReference; lastKnownFileType = folder.assetcatalog; path = "Preview Assets.xcassets"; sourceTree = "<group>"; };
		53B53AE82BD0A143001E10E8 /* CircleImage.swift */ = {isa = PBXFileReference; lastKnownFileType = sourcecode.swift; path = CircleImage.swift; sourceTree = "<group>"; };
		53B53AEA2BD0A363001E10E8 /* MapView.swift */ = {isa = PBXFileReference; lastKnownFileType = sourcecode.swift; path = MapView.swift; sourceTree = "<group>"; };
		53B53AEC2BD0AE65001E10E8 /* landmarkData.json */ = {isa = PBXFileReference; fileEncoding = 4; lastKnownFileType = text.json; path = landmarkData.json; sourceTree = "<group>"; };
		53B53AEE2BD0AEB1001E10E8 /* Landmark.swift */ = {isa = PBXFileReference; lastKnownFileType = sourcecode.swift; path = Landmark.swift; sourceTree = "<group>"; };
		53B53B072BD0B4D8001E10E8 /* ModelData.swift */ = {isa = PBXFileReference; lastKnownFileType = sourcecode.swift; path = ModelData.swift; sourceTree = "<group>"; };
/* End PBXFileReference section */

/* Begin PBXFrameworksBuildPhase section */
		53B53AD42BD095F0001E10E8 /* Frameworks */ = {
			isa = PBXFrameworksBuildPhase;
			buildActionMask = 2147483647;
			files = (
			);
			runOnlyForDeploymentPostprocessing = 0;
		};
/* End PBXFrameworksBuildPhase section */

/* Begin PBXGroup section */
		53B53ACE2BD095F0001E10E8 = {
			isa = PBXGroup;
			children = (
				53B53AD92BD095F0001E10E8 /* Landmarks */,
				53B53AD82BD095F0001E10E8 /* Products */,
			);
			sourceTree = "<group>";
		};
		53B53AD82BD095F0001E10E8 /* Products */ = {
			isa = PBXGroup;
			children = (
				53B53AD72BD095F0001E10E8 /* Landmarks.app */,
			);
			name = Products;
			sourceTree = "<group>";
		};
		53B53AD92BD095F0001E10E8 /* Landmarks */ = {
			isa = PBXGroup;
			children = (
				53B53ADA2BD095F0001E10E8 /* LandmarksApp.swift */,
				53B53B0B2BD0B663001E10E8 /* Views */,
				53B53B0C2BD0B67A001E10E8 /* Models */,
				53B53B0D2BD0B6A8001E10E8 /* Resources */,
				53B53ADE2BD095F2001E10E8 /* Assets.xcassets */,
				53B53AE02BD095F2001E10E8 /* Preview Content */,
			);
			path = Landmarks;
			sourceTree = "<group>";
		};
		53B53AE02BD095F2001E10E8 /* Preview Content */ = {
			isa = PBXGroup;
			children = (
				53B53AE12BD095F2001E10E8 /* Preview Assets.xcassets */,
			);
			path = "Preview Content";
			sourceTree = "<group>";
		};
		53B53B0B2BD0B663001E10E8 /* Views */ = {
			isa = PBXGroup;
			children = (
				53B53ADC2BD095F0001E10E8 /* ContentView.swift */,
				53B53AE82BD0A143001E10E8 /* CircleImage.swift */,
				53B53AEA2BD0A363001E10E8 /* MapView.swift */,
				533692882BD0B8E500E90F9C /* LandmarkRow.swift */,
				5336928A2BD0BCA600E90F9C /* LandmarkList.swift */,
				5336928C2BD0C16E00E90F9C /* LandmarkDetail.swift */,
			);
			path = Views;
			sourceTree = "<group>";
		};
		53B53B0C2BD0B67A001E10E8 /* Models */ = {
			isa = PBXGroup;
			children = (
				53B53AEE2BD0AEB1001E10E8 /* Landmark.swift */,
				53B53B072BD0B4D8001E10E8 /* ModelData.swift */,
			);
			path = Models;
			sourceTree = "<group>";
		};
		53B53B0D2BD0B6A8001E10E8 /* Resources */ = {
			isa = PBXGroup;
			children = (
				53B53AEC2BD0AE65001E10E8 /* landmarkData.json */,
			);
			path = Resources;
			sourceTree = "<group>";
		};
/* End PBXGroup section */

/* Begin PBXNativeTarget section */
		53B53AD62BD095F0001E10E8 /* Landmarks */ = {
			isa = PBXNativeTarget;
			buildConfigurationList = 53B53AE52BD095F2001E10E8 /* Build configuration list for PBXNativeTarget "Landmarks" */;
			buildPhases = (
				53B53AD32BD095F0001E10E8 /* Sources */,
				53B53AD42BD095F0001E10E8 /* Frameworks */,
				53B53AD52BD095F0001E10E8 /* Resources */,
			);
			buildRules = (
			);
			dependencies = (
			);
			name = Landmarks;
			productName = Landmarks;
			productReference = 53B53AD72BD095F0001E10E8 /* Landmarks.app */;
			productType = "com.apple.product-type.application";
		};
/* End PBXNativeTarget section */

/* Begin PBXProject section */
		53B53ACF2BD095F0001E10E8 /* Project object */ = {
			isa = PBXProject;
			attributes = {
				BuildIndependentTargetsInParallel = 1;
				LastSwiftUpdateCheck = 1530;
				LastUpgradeCheck = 1530;
				TargetAttributes = {
					53B53AD62BD095F0001E10E8 = {
						CreatedOnToolsVersion = 15.3;
					};
				};
			};
			buildConfigurationList = 53B53AD22BD095F0001E10E8 /* Build configuration list for PBXProject "Landmarks" */;
			compatibilityVersion = "Xcode 14.0";
			developmentRegion = en;
			hasScannedForEncodings = 0;
			knownRegions = (
				en,
				Base,
			);
			mainGroup = 53B53ACE2BD095F0001E10E8;
			productRefGroup = 53B53AD82BD095F0001E10E8 /* Products */;
			projectDirPath = "";
			projectRoot = "";
			targets = (
				53B53AD62BD095F0001E10E8 /* Landmarks */,
			);
		};
/* End PBXProject section */

/* Begin PBXResourcesBuildPhase section */
		53B53AD52BD095F0001E10E8 /* Resources */ = {
			isa = PBXResourcesBuildPhase;
			buildActionMask = 2147483647;
			files = (
				53B53AE22BD095F2001E10E8 /* Preview Assets.xcassets in Resources */,
				53B53ADF2BD095F2001E10E8 /* Assets.xcassets in Resources */,
				53B53AED2BD0AE65001E10E8 /* landmarkData.json in Resources */,
			);
			runOnlyForDeploymentPostprocessing = 0;
		};
/* End PBXResourcesBuildPhase section */

/* Begin PBXSourcesBuildPhase section */
		53B53AD32BD095F0001E10E8 /* Sources */ = {
			isa = PBXSourcesBuildPhase;
			buildActionMask = 2147483647;
			files = (
				53B53ADD2BD095F0001E10E8 /* ContentView.swift in Sources */,
				53B53AEB2BD0A363001E10E8 /* MapView.swift in Sources */,
				53B53ADB2BD095F0001E10E8 /* LandmarksApp.swift in Sources */,
				5336928B2BD0BCA600E90F9C /* LandmarkList.swift in Sources */,
				5336928D2BD0C16E00E90F9C /* LandmarkDetail.swift in Sources */,
				53B53AE92BD0A143001E10E8 /* CircleImage.swift in Sources */,
				53B53AEF2BD0AEB1001E10E8 /* Landmark.swift in Sources */,
				533692892BD0B8E500E90F9C /* LandmarkRow.swift in Sources */,
				53B53B082BD0B4D8001E10E8 /* ModelData.swift in Sources */,
			);
			runOnlyForDeploymentPostprocessing = 0;
		};
/* End PBXSourcesBuildPhase section */

/* Begin XCBuildConfiguration section */
		53B53AE32BD095F2001E10E8 /* Debug */ = {
			isa = XCBuildConfiguration;
			buildSettings = {
				ALWAYS_SEARCH_USER_PATHS = NO;
				ASSETCATALOG_COMPILER_GENERATE_SWIFT_ASSET_SYMBOL_EXTENSIONS = YES;
				CLANG_ANALYZER_NONNULL = YES;
				CLANG_ANALYZER_NUMBER_OBJECT_CONVERSION = YES_AGGRESSIVE;
				CLANG_CXX_LANGUAGE_STANDARD = "gnu++20";
				CLANG_ENABLE_MODULES = YES;
				CLANG_ENABLE_OBJC_ARC = YES;
				CLANG_ENABLE_OBJC_WEAK = YES;
				CLANG_WARN_BLOCK_CAPTURE_AUTORELEASING = YES;
				CLANG_WARN_BOOL_CONVERSION = YES;
				CLANG_WARN_COMMA = YES;
				CLANG_WARN_CONSTANT_CONVERSION = YES;
				CLANG_WARN_DEPRECATED_OBJC_IMPLEMENTATIONS = YES;
				CLANG_WARN_DIRECT_OBJC_ISA_USAGE = YES_ERROR;
				CLANG_WARN_DOCUMENTATION_COMMENTS = YES;
				CLANG_WARN_EMPTY_BODY = YES;
				CLANG_WARN_ENUM_CONVERSION = YES;
				CLANG_WARN_INFINITE_RECURSION = YES;
				CLANG_WARN_INT_CONVERSION = YES;
				CLANG_WARN_NON_LITERAL_NULL_CONVERSION = YES;
				CLANG_WARN_OBJC_IMPLICIT_RETAIN_SELF = YES;
				CLANG_WARN_OBJC_LITERAL_CONVERSION = YES;
				CLANG_WARN_OBJC_ROOT_CLASS = YES_ERROR;
				CLANG_WARN_QUOTED_INCLUDE_IN_FRAMEWORK_HEADER = YES;
				CLANG_WARN_RANGE_LOOP_ANALYSIS = YES;
				CLANG_WARN_STRICT_PROTOTYPES = YES;
				CLANG_WARN_SUSPICIOUS_MOVE = YES;
				CLANG_WARN_UNGUARDED_AVAILABILITY = YES_AGGRESSIVE;
				CLANG_WARN_UNREACHABLE_CODE = YES;
				CLANG_WARN__DUPLICATE_METHOD_MATCH = YES;
				COPY_PHASE_STRIP = NO;
				DEBUG_INFORMATION_FORMAT = dwarf;
				ENABLE_STRICT_OBJC_MSGSEND = YES;
				ENABLE_TESTABILITY = YES;
				ENABLE_USER_SCRIPT_SANDBOXING = YES;
				GCC_C_LANGUAGE_STANDARD = gnu17;
				GCC_DYNAMIC_NO_PIC = NO;
				GCC_NO_COMMON_BLOCKS = YES;
				GCC_OPTIMIZATION_LEVEL = 0;
				GCC_PREPROCESSOR_DEFINITIONS = (
					"DEBUG=1",
					"$(inherited)",
				);
				GCC_WARN_64_TO_32_BIT_CONVERSION = YES;
				GCC_WARN_ABOUT_RETURN_TYPE = YES_ERROR;
				GCC_WARN_UNDECLARED_SELECTOR = YES;
				GCC_WARN_UNINITIALIZED_AUTOS = YES_AGGRESSIVE;
				GCC_WARN_UNUSED_FUNCTION = YES;
				GCC_WARN_UNUSED_VARIABLE = YES;
				IPHONEOS_DEPLOYMENT_TARGET = 17.4;
				LOCALIZATION_PREFERS_STRING_CATALOGS = YES;
				MTL_ENABLE_DEBUG_INFO = INCLUDE_SOURCE;
				MTL_FAST_MATH = YES;
				ONLY_ACTIVE_ARCH = YES;
				SDKROOT = iphoneos;
				SWIFT_ACTIVE_COMPILATION_CONDITIONS = "DEBUG $(inherited)";
				SWIFT_OPTIMIZATION_LEVEL = "-Onone";
			};
			name = Debug;
		};
		53B53AE42BD095F2001E10E8 /* Release */ = {
			isa = XCBuildConfiguration;
			buildSettings = {
				ALWAYS_SEARCH_USER_PATHS = NO;
				ASSETCATALOG_COMPILER_GENERATE_SWIFT_ASSET_SYMBOL_EXTENSIONS = YES;
				CLANG_ANALYZER_NONNULL = YES;
				CLANG_ANALYZER_NUMBER_OBJECT_CONVERSION = YES_AGGRESSIVE;
				CLANG_CXX_LANGUAGE_STANDARD = "gnu++20";
				CLANG_ENABLE_MODULES = YES;
				CLANG_ENABLE_OBJC_ARC = YES;
				CLANG_ENABLE_OBJC_WEAK = YES;
				CLANG_WARN_BLOCK_CAPTURE_AUTORELEASING = YES;
				CLANG_WARN_BOOL_CONVERSION = YES;
				CLANG_WARN_COMMA = YES;
				CLANG_WARN_CONSTANT_CONVERSION = YES;
				CLANG_WARN_DEPRECATED_OBJC_IMPLEMENTATIONS = YES;
				CLANG_WARN_DIRECT_OBJC_ISA_USAGE = YES_ERROR;
				CLANG_WARN_DOCUMENTATION_COMMENTS = YES;
				CLANG_WARN_EMPTY_BODY = YES;
				CLANG_WARN_ENUM_CONVERSION = YES;
				CLANG_WARN_INFINITE_RECURSION = YES;
				CLANG_WARN_INT_CONVERSION = YES;
				CLANG_WARN_NON_LITERAL_NULL_CONVERSION = YES;
				CLANG_WARN_OBJC_IMPLICIT_RETAIN_SELF = YES;
				CLANG_WARN_OBJC_LITERAL_CONVERSION = YES;
				CLANG_WARN_OBJC_ROOT_CLASS = YES_ERROR;
				CLANG_WARN_QUOTED_INCLUDE_IN_FRAMEWORK_HEADER = YES;
				CLANG_WARN_RANGE_LOOP_ANALYSIS = YES;
				CLANG_WARN_STRICT_PROTOTYPES = YES;
				CLANG_WARN_SUSPICIOUS_MOVE = YES;
				CLANG_WARN_UNGUARDED_AVAILABILITY = YES_AGGRESSIVE;
				CLANG_WARN_UNREACHABLE_CODE = YES;
				CLANG_WARN__DUPLICATE_METHOD_MATCH = YES;
				COPY_PHASE_STRIP = NO;
				DEBUG_INFORMATION_FORMAT = "dwarf-with-dsym";
				ENABLE_NS_ASSERTIONS = NO;
				ENABLE_STRICT_OBJC_MSGSEND = YES;
				ENABLE_USER_SCRIPT_SANDBOXING = YES;
				GCC_C_LANGUAGE_STANDARD = gnu17;
				GCC_NO_COMMON_BLOCKS = YES;
				GCC_WARN_64_TO_32_BIT_CONVERSION = YES;
				GCC_WARN_ABOUT_RETURN_TYPE = YES_ERROR;
				GCC_WARN_UNDECLARED_SELECTOR = YES;
				GCC_WARN_UNINITIALIZED_AUTOS = YES_AGGRESSIVE;
				GCC_WARN_UNUSED_FUNCTION = YES;
				GCC_WARN_UNUSED_VARIABLE = YES;
				IPHONEOS_DEPLOYMENT_TARGET = 17.4;
				LOCALIZATION_PREFERS_STRING_CATALOGS = YES;
				MTL_ENABLE_DEBUG_INFO = NO;
				MTL_FAST_MATH = YES;
				SDKROOT = iphoneos;
				SWIFT_COMPILATION_MODE = wholemodule;
				VALIDATE_PRODUCT = YES;
			};
			name = Release;
		};
		53B53AE62BD095F2001E10E8 /* Debug */ = {
			isa = XCBuildConfiguration;
			buildSettings = {
				ASSETCATALOG_COMPILER_APPICON_NAME = AppIcon;
				ASSETCATALOG_COMPILER_GLOBAL_ACCENT_COLOR_NAME = AccentColor;
				CODE_SIGN_STYLE = Automatic;
				CURRENT_PROJECT_VERSION = 1;
				DEVELOPMENT_ASSET_PATHS = "\"Landmarks/Preview Content\"";
				ENABLE_PREVIEWS = YES;
				GENERATE_INFOPLIST_FILE = YES;
				INFOPLIST_KEY_UIApplicationSceneManifest_Generation = YES;
				INFOPLIST_KEY_UIApplicationSupportsIndirectInputEvents = YES;
				INFOPLIST_KEY_UILaunchScreen_Generation = YES;
				INFOPLIST_KEY_UISupportedInterfaceOrientations_iPad = "UIInterfaceOrientationPortrait UIInterfaceOrientationPortraitUpsideDown UIInterfaceOrientationLandscapeLeft UIInterfaceOrientationLandscapeRight";
				INFOPLIST_KEY_UISupportedInterfaceOrientations_iPhone = "UIInterfaceOrientationPortrait UIInterfaceOrientationLandscapeLeft UIInterfaceOrientationLandscapeRight";
				LD_RUNPATH_SEARCH_PATHS = (
					"$(inherited)",
					"@executable_path/Frameworks",
				);
				MARKETING_VERSION = 1.0;
				PRODUCT_BUNDLE_IDENTIFIER = com.jacobkelly.Landmarks;
				PRODUCT_NAME = "$(TARGET_NAME)";
				SWIFT_EMIT_LOC_STRINGS = YES;
				SWIFT_VERSION = 5.0;
				TARGETED_DEVICE_FAMILY = "1,2";
			};
			name = Debug;
		};
		53B53AE72BD095F2001E10E8 /* Release */ = {
			isa = XCBuildConfiguration;
			buildSettings = {
				ASSETCATALOG_COMPILER_APPICON_NAME = AppIcon;
				ASSETCATALOG_COMPILER_GLOBAL_ACCENT_COLOR_NAME = AccentColor;
				CODE_SIGN_STYLE = Automatic;
				CURRENT_PROJECT_VERSION = 1;
				DEVELOPMENT_ASSET_PATHS = "\"Landmarks/Preview Content\"";
				ENABLE_PREVIEWS = YES;
				GENERATE_INFOPLIST_FILE = YES;
				INFOPLIST_KEY_UIApplicationSceneManifest_Generation = YES;
				INFOPLIST_KEY_UIApplicationSupportsIndirectInputEvents = YES;
				INFOPLIST_KEY_UILaunchScreen_Generation = YES;
				INFOPLIST_KEY_UISupportedInterfaceOrientations_iPad = "UIInterfaceOrientationPortrait UIInterfaceOrientationPortraitUpsideDown UIInterfaceOrientationLandscapeLeft UIInterfaceOrientationLandscapeRight";
				INFOPLIST_KEY_UISupportedInterfaceOrientations_iPhone = "UIInterfaceOrientationPortrait UIInterfaceOrientationLandscapeLeft UIInterfaceOrientationLandscapeRight";
				LD_RUNPATH_SEARCH_PATHS = (
					"$(inherited)",
					"@executable_path/Frameworks",
				);
				MARKETING_VERSION = 1.0;
				PRODUCT_BUNDLE_IDENTIFIER = com.jacobkelly.Landmarks;
				PRODUCT_NAME = "$(TARGET_NAME)";
				SWIFT_EMIT_LOC_STRINGS = YES;
				SWIFT_VERSION = 5.0;
				TARGETED_DEVICE_FAMILY = "1,2";
			};
			name = Release;
		};
/* End XCBuildConfiguration section */

/* Begin XCConfigurationList section */
		53B53AD22BD095F0001E10E8 /* Build configuration list for PBXProject "Landmarks" */ = {
			isa = XCConfigurationList;
			buildConfigurations = (
				53B53AE32BD095F2001E10E8 /* Debug */,
				53B53AE42BD095F2001E10E8 /* Release */,
			);
			defaultConfigurationIsVisible = 0;
			defaultConfigurationName = Release;
		};
		53B53AE52BD095F2001E10E8 /* Build configuration list for PBXNativeTarget "Landmarks" */ = {
			isa = XCConfigurationList;
			buildConfigurations = (
				53B53AE62BD095F2001E10E8 /* Debug */,
				53B53AE72BD095F2001E10E8 /* Release */,
			);
			defaultConfigurationIsVisible = 0;
			defaultConfigurationName = Release;
		};
/* End XCConfigurationList section */
	};
	rootObject = 53B53ACF2BD095F0001E10E8 /* Project object */;
}
